
Microsoft Visual Studio Solution File, Format Version 12.00
# Visual Studio Version 17
VisualStudioVersion = 17.5.33516.290
MinimumVisualStudioVersion = 10.0.40219.1
Project("{FAE04EC0-301F-11D3-BF4B-00C04F79EFBC}") = "wcf-dockerize-example", "wcf-dockerize-example\wcf-dockerize-example.csproj", "{15DE6ECB-BEFF-4CC0-8774-D905469F8698}"
EndProject
Global
	GlobalSection(SolutionConfigurationPlatforms) = preSolution
		Debug|Any CPU = Debug|Any CPU
		Release|Any CPU = Release|Any CPU
	EndGlobalSection
	GlobalSection(ProjectConfigurationPlatforms) = postSolution
		{15DE6ECB-BEFF-4CC0-8774-D905469F8698}.Debug|Any CPU.ActiveCfg = Debug|Any CPU
		{15DE6ECB-BEFF-4CC0-8774-D905469F8698}.Debug|Any CPU.Build.0 = Debug|Any CPU
		{15DE6ECB-BEFF-4CC0-8774-D905469F8698}.Release|Any CPU.ActiveCfg = Release|Any CPU
		{15DE6ECB-BEFF-4CC0-8774-D905469F8698}.Release|Any CPU.Build.0 = Release|Any CPU
	EndGlobalSection
	GlobalSection(SolutionProperties) = preSolution
		HideSolutionNode = FALSE
	EndGlobalSection
	GlobalSection(ExtensibilityGlobals) = postSolution
		SolutionGuid = {C7405152-E8E9-4A26-93E1-DE651B34E0BC}
	EndGlobalSection
EndGlobal
